// !$*UTF8*$!
{
	archiveVersion = 1;
	classes = {
	};
	objectVersion = 56;
	objects = {

/* Begin PBXBuildFile section */
		543211A72924706A000907B9 /* AppDelegate.swift in Sources */ = {isa = PBXBuildFile; fileRef = 543211A62924706A000907B9 /* AppDelegate.swift */; };
		543211A92924706A000907B9 /* SceneDelegate.swift in Sources */ = {isa = PBXBuildFile; fileRef = 543211A82924706A000907B9 /* SceneDelegate.swift */; };
		543211AB2924706A000907B9 /* ViewController.swift in Sources */ = {isa = PBXBuildFile; fileRef = 543211AA2924706A000907B9 /* ViewController.swift */; };
		543211AE2924706A000907B9 /* Main.storyboard in Resources */ = {isa = PBXBuildFile; fileRef = 543211AC2924706A000907B9 /* Main.storyboard */; };
		543211B02924706C000907B9 /* Assets.xcassets in Resources */ = {isa = PBXBuildFile; fileRef = 543211AF2924706C000907B9 /* Assets.xcassets */; };
		543211B32924706C000907B9 /* LaunchScreen.storyboard in Resources */ = {isa = PBXBuildFile; fileRef = 543211B12924706C000907B9 /* LaunchScreen.storyboard */; };
		543211BE2924706C000907B9 /* PracticeTests.swift in Sources */ = {isa = PBXBuildFile; fileRef = 543211BD2924706C000907B9 /* PracticeTests.swift */; };
		543211C82924706D000907B9 /* PracticeUITests.swift in Sources */ = {isa = PBXBuildFile; fileRef = 543211C72924706D000907B9 /* PracticeUITests.swift */; };
		543211CA2924706D000907B9 /* PracticeUITestsLaunchTests.swift in Sources */ = {isa = PBXBuildFile; fileRef = 543211C92924706D000907B9 /* PracticeUITestsLaunchTests.swift */; };
		543211D72924739A000907B9 /* SwipeViewCell.swift in Sources */ = {isa = PBXBuildFile; fileRef = 543211D62924739A000907B9 /* SwipeViewCell.swift */; };
/* End PBXBuildFile section */

/* Begin PBXContainerItemProxy section */
		543211BA2924706C000907B9 /* PBXContainerItemProxy */ = {
			isa = PBXContainerItemProxy;
			containerPortal = 5432119B2924706A000907B9 /* Project object */;
			proxyType = 1;
			remoteGlobalIDString = 543211A22924706A000907B9;
			remoteInfo = Practice;
		};
		543211C42924706D000907B9 /* PBXContainerItemProxy */ = {
			isa = PBXContainerItemProxy;
			containerPortal = 5432119B2924706A000907B9 /* Project object */;
			proxyType = 1;
			remoteGlobalIDString = 543211A22924706A000907B9;
			remoteInfo = Practice;
		};
/* End PBXContainerItemProxy section */

/* Begin PBXFileReference section */
		543211A32924706A000907B9 /* Practice.app */ = {isa = PBXFileReference; explicitFileType = wrapper.application; includeInIndex = 0; path = Practice.app; sourceTree = BUILT_PRODUCTS_DIR; };
		543211A62924706A000907B9 /* AppDelegate.swift */ = {isa = PBXFileReference; lastKnownFileType = sourcecode.swift; path = AppDelegate.swift; sourceTree = "<group>"; };
		543211A82924706A000907B9 /* SceneDelegate.swift */ = {isa = PBXFileReference; lastKnownFileType = sourcecode.swift; path = SceneDelegate.swift; sourceTree = "<group>"; };
		543211AA2924706A000907B9 /* ViewController.swift */ = {isa = PBXFileReference; lastKnownFileType = sourcecode.swift; path = ViewController.swift; sourceTree = "<group>"; };
		543211AD2924706A000907B9 /* Base */ = {isa = PBXFileReference; lastKnownFileType = file.storyboard; name = Base; path = Base.lproj/Main.storyboard; sourceTree = "<group>"; };
		543211AF2924706C000907B9 /* Assets.xcassets */ = {isa = PBXFileReference; lastKnownFileType = folder.assetcatalog; path = Assets.xcassets; sourceTree = "<group>"; };
		543211B22924706C000907B9 /* Base */ = {isa = PBXFileReference; lastKnownFileType = file.storyboard; name = Base; path = Base.lproj/LaunchScreen.storyboard; sourceTree = "<group>"; };
		543211B42924706C000907B9 /* Info.plist */ = {isa = PBXFileReference; lastKnownFileType = text.plist.xml; path = Info.plist; sourceTree = "<group>"; };
		543211B92924706C000907B9 /* PracticeTests.xctest */ = {isa = PBXFileReference; explicitFileType = wrapper.cfbundle; includeInIndex = 0; path = PracticeTests.xctest; sourceTree = BUILT_PRODUCTS_DIR; };
		543211BD2924706C000907B9 /* PracticeTests.swift */ = {isa = PBXFileReference; lastKnownFileType = sourcecode.swift; path = PracticeTests.swift; sourceTree = "<group>"; };
		543211C32924706D000907B9 /* PracticeUITests.xctest */ = {isa = PBXFileReference; explicitFileType = wrapper.cfbundle; includeInIndex = 0; path = PracticeUITests.xctest; sourceTree = BUILT_PRODUCTS_DIR; };
		543211C72924706D000907B9 /* PracticeUITests.swift */ = {isa = PBXFileReference; lastKnownFileType = sourcecode.swift; path = PracticeUITests.swift; sourceTree = "<group>"; };
		543211C92924706D000907B9 /* PracticeUITestsLaunchTests.swift */ = {isa = PBXFileReference; lastKnownFileType = sourcecode.swift; path = PracticeUITestsLaunchTests.swift; sourceTree = "<group>"; };
		543211D62924739A000907B9 /* SwipeViewCell.swift */ = {isa = PBXFileReference; lastKnownFileType = sourcecode.swift; path = SwipeViewCell.swift; sourceTree = "<group>"; };
/* End PBXFileReference section */

/* Begin PBXFrameworksBuildPhase section */
		543211A02924706A000907B9 /* Frameworks */ = {
			isa = PBXFrameworksBuildPhase;
			buildActionMask = 2147483647;
			files = (
			);
			runOnlyForDeploymentPostprocessing = 0;
		};
		543211B62924706C000907B9 /* Frameworks */ = {
			isa = PBXFrameworksBuildPhase;
			buildActionMask = 2147483647;
			files = (
			);
			runOnlyForDeploymentPostprocessing = 0;
		};
		543211C02924706D000907B9 /* Frameworks */ = {
			isa = PBXFrameworksBuildPhase;
			buildActionMask = 2147483647;
			files = (
			);
			runOnlyForDeploymentPostprocessing = 0;
		};
/* End PBXFrameworksBuildPhase section */

/* Begin PBXGroup section */
		5432119A2924706A000907B9 = {
			isa = PBXGroup;
			children = (
				543211A52924706A000907B9 /* Practice */,
				543211BC2924706C000907B9 /* PracticeTests */,
				543211C62924706D000907B9 /* PracticeUITests */,
				543211A42924706A000907B9 /* Products */,
			);
			sourceTree = "<group>";
		};
		543211A42924706A000907B9 /* Products */ = {
			isa = PBXGroup;
			children = (
				543211A32924706A000907B9 /* Practice.app */,
				543211B92924706C000907B9 /* PracticeTests.xctest */,
				543211C32924706D000907B9 /* PracticeUITests.xctest */,
			);
			name = Products;
			sourceTree = "<group>";
		};
		543211A52924706A000907B9 /* Practice */ = {
			isa = PBXGroup;
			children = (
				543211A62924706A000907B9 /* AppDelegate.swift */,
				543211A82924706A000907B9 /* SceneDelegate.swift */,
				543211AA2924706A000907B9 /* ViewController.swift */,
				543211AC2924706A000907B9 /* Main.storyboard */,
				543211AF2924706C000907B9 /* Assets.xcassets */,
				543211B12924706C000907B9 /* LaunchScreen.storyboard */,
				543211B42924706C000907B9 /* Info.plist */,
				543211D62924739A000907B9 /* SwipeViewCell.swift */,
			);
			path = Practice;
			sourceTree = "<group>";
		};
		543211BC2924706C000907B9 /* PracticeTests */ = {
			isa = PBXGroup;
			children = (
				543211BD2924706C000907B9 /* PracticeTests.swift */,
			);
			path = PracticeTests;
			sourceTree = "<group>";
		};
		543211C62924706D000907B9 /* PracticeUITests */ = {
			isa = PBXGroup;
			children = (
				543211C72924706D000907B9 /* PracticeUITests.swift */,
				543211C92924706D000907B9 /* PracticeUITestsLaunchTests.swift */,
			);
			path = PracticeUITests;
			sourceTree = "<group>";
		};
/* End PBXGroup section */

/* Begin PBXNativeTarget section */
		543211A22924706A000907B9 /* Practice */ = {
			isa = PBXNativeTarget;
			buildConfigurationList = 543211CD2924706D000907B9 /* Build configuration list for PBXNativeTarget "Practice" */;
			buildPhases = (
				5432119F2924706A000907B9 /* Sources */,
				543211A02924706A000907B9 /* Frameworks */,
				543211A12924706A000907B9 /* Resources */,
			);
			buildRules = (
			);
			dependencies = (
			);
			name = Practice;
			productName = Practice;
			productReference = 543211A32924706A000907B9 /* Practice.app */;
			productType = "com.apple.product-type.application";
		};
		543211B82924706C000907B9 /* PracticeTests */ = {
			isa = PBXNativeTarget;
			buildConfigurationList = 543211D02924706D000907B9 /* Build configuration list for PBXNativeTarget "PracticeTests" */;
			buildPhases = (
				543211B52924706C000907B9 /* Sources */,
				543211B62924706C000907B9 /* Frameworks */,
				543211B72924706C000907B9 /* Resources */,
			);
			buildRules = (
			);
			dependencies = (
				543211BB2924706C000907B9 /* PBXTargetDependency */,
			);
			name = PracticeTests;
			productName = PracticeTests;
			productReference = 543211B92924706C000907B9 /* PracticeTests.xctest */;
			productType = "com.apple.product-type.bundle.unit-test";
		};
		543211C22924706D000907B9 /* PracticeUITests */ = {
			isa = PBXNativeTarget;
			buildConfigurationList = 543211D32924706D000907B9 /* Build configuration list for PBXNativeTarget "PracticeUITests" */;
			buildPhases = (
				543211BF2924706D000907B9 /* Sources */,
				543211C02924706D000907B9 /* Frameworks */,
				543211C12924706D000907B9 /* Resources */,
			);
			buildRules = (
			);
			dependencies = (
				543211C52924706D000907B9 /* PBXTargetDependency */,
			);
			name = PracticeUITests;
			productName = PracticeUITests;
			productReference = 543211C32924706D000907B9 /* PracticeUITests.xctest */;
			productType = "com.apple.product-type.bundle.ui-testing";
		};
/* End PBXNativeTarget section */

/* Begin PBXProject section */
		5432119B2924706A000907B9 /* Project object */ = {
			isa = PBXProject;
			attributes = {
				BuildIndependentTargetsInParallel = 1;
				LastSwiftUpdateCheck = 1410;
				LastUpgradeCheck = 1410;
				TargetAttributes = {
					543211A22924706A000907B9 = {
						CreatedOnToolsVersion = 14.1;
					};
					543211B82924706C000907B9 = {
						CreatedOnToolsVersion = 14.1;
						TestTargetID = 543211A22924706A000907B9;
					};
					543211C22924706D000907B9 = {
						CreatedOnToolsVersion = 14.1;
						TestTargetID = 543211A22924706A000907B9;
					};
				};
			};
			buildConfigurationList = 5432119E2924706A000907B9 /* Build configuration list for PBXProject "Practice" */;
			compatibilityVersion = "Xcode 14.0";
			developmentRegion = en;
			hasScannedForEncodings = 0;
			knownRegions = (
				en,
				Base,
			);
			mainGroup = 5432119A2924706A000907B9;
			productRefGroup = 543211A42924706A000907B9 /* Products */;
			projectDirPath = "";
			projectRoot = "";
			targets = (
				543211A22924706A000907B9 /* Practice */,
				543211B82924706C000907B9 /* PracticeTests */,
				543211C22924706D000907B9 /* PracticeUITests */,
			);
		};
/* End PBXProject section */

/* Begin PBXResourcesBuildPhase section */
		543211A12924706A000907B9 /* Resources */ = {
			isa = PBXResourcesBuildPhase;
			buildActionMask = 2147483647;
			files = (
				543211B32924706C000907B9 /* LaunchScreen.storyboard in Resources */,
				543211B02924706C000907B9 /* Assets.xcassets in Resources */,
				543211AE2924706A000907B9 /* Main.storyboard in Resources */,
			);
			runOnlyForDeploymentPostprocessing = 0;
		};
		543211B72924706C000907B9 /* Resources */ = {
			isa = PBXResourcesBuildPhase;
			buildActionMask = 2147483647;
			files = (
			);
			runOnlyForDeploymentPostprocessing = 0;
		};
		543211C12924706D000907B9 /* Resources */ = {
			isa = PBXResourcesBuildPhase;
			buildActionMask = 2147483647;
			files = (
			);
			runOnlyForDeploymentPostprocessing = 0;
		};
/* End PBXResourcesBuildPhase section */

/* Begin PBXSourcesBuildPhase section */
		5432119F2924706A000907B9 /* Sources */ = {
			isa = PBXSourcesBuildPhase;
			buildActionMask = 2147483647;
			files = (
				543211AB2924706A000907B9 /* ViewController.swift in Sources */,
				543211A72924706A000907B9 /* AppDelegate.swift in Sources */,
				543211D72924739A000907B9 /* SwipeViewCell.swift in Sources */,
				543211A92924706A000907B9 /* SceneDelegate.swift in Sources */,
			);
			runOnlyForDeploymentPostprocessing = 0;
		};
		543211B52924706C000907B9 /* Sources */ = {
			isa = PBXSourcesBuildPhase;
			buildActionMask = 2147483647;
			files = (
				543211BE2924706C000907B9 /* PracticeTests.swift in Sources */,
			);
			runOnlyForDeploymentPostprocessing = 0;
		};
		543211BF2924706D000907B9 /* Sources */ = {
			isa = PBXSourcesBuildPhase;
			buildActionMask = 2147483647;
			files = (
				543211CA2924706D000907B9 /* PracticeUITestsLaunchTests.swift in Sources */,
				543211C82924706D000907B9 /* PracticeUITests.swift in Sources */,
			);
			runOnlyForDeploymentPostprocessing = 0;
		};
/* End PBXSourcesBuildPhase section */

/* Begin PBXTargetDependency section */
		543211BB2924706C000907B9 /* PBXTargetDependency */ = {
			isa = PBXTargetDependency;
			target = 543211A22924706A000907B9 /* Practice */;
			targetProxy = 543211BA2924706C000907B9 /* PBXContainerItemProxy */;
		};
		543211C52924706D000907B9 /* PBXTargetDependency */ = {
			isa = PBXTargetDependency;
			target = 543211A22924706A000907B9 /* Practice */;
			targetProxy = 543211C42924706D000907B9 /* PBXContainerItemProxy */;
		};
/* End PBXTargetDependency section */

/* Begin PBXVariantGroup section */
		543211AC2924706A000907B9 /* Main.storyboard */ = {
			isa = PBXVariantGroup;
			children = (
				543211AD2924706A000907B9 /* Base */,
			);
			name = Main.storyboard;
			sourceTree = "<group>";
		};
		543211B12924706C000907B9 /* LaunchScreen.storyboard */ = {
			isa = PBXVariantGroup;
			children = (
				543211B22924706C000907B9 /* Base */,
			);
			name = LaunchScreen.storyboard;
			sourceTree = "<group>";
		};
/* End PBXVariantGroup section */

/* Begin XCBuildConfiguration section */
		543211CB2924706D000907B9 /* Debug */ = {
			isa = XCBuildConfiguration;
			buildSettings = {
				ALWAYS_SEARCH_USER_PATHS = NO;
				CLANG_ANALYZER_NONNULL = YES;
				CLANG_ANALYZER_NUMBER_OBJECT_CONVERSION = YES_AGGRESSIVE;
				CLANG_CXX_LANGUAGE_STANDARD = "gnu++20";
				CLANG_ENABLE_MODULES = YES;
				CLANG_ENABLE_OBJC_ARC = YES;
				CLANG_ENABLE_OBJC_WEAK = YES;
				CLANG_WARN_BLOCK_CAPTURE_AUTORELEASING = YES;
				CLANG_WARN_BOOL_CONVERSION = YES;
				CLANG_WARN_COMMA = YES;
				CLANG_WARN_CONSTANT_CONVERSION = YES;
				CLANG_WARN_DEPRECATED_OBJC_IMPLEMENTATIONS = YES;
				CLANG_WARN_DIRECT_OBJC_ISA_USAGE = YES_ERROR;
				CLANG_WARN_DOCUMENTATION_COMMENTS = YES;
				CLANG_WARN_EMPTY_BODY = YES;
				CLANG_WARN_ENUM_CONVERSION = YES;
				CLANG_WARN_INFINITE_RECURSION = YES;
				CLANG_WARN_INT_CONVERSION = YES;
				CLANG_WARN_NON_LITERAL_NULL_CONVERSION = YES;
				CLANG_WARN_OBJC_IMPLICIT_RETAIN_SELF = YES;
				CLANG_WARN_OBJC_LITERAL_CONVERSION = YES;
				CLANG_WARN_OBJC_ROOT_CLASS = YES_ERROR;
				CLANG_WARN_QUOTED_INCLUDE_IN_FRAMEWORK_HEADER = YES;
				CLANG_WARN_RANGE_LOOP_ANALYSIS = YES;
				CLANG_WARN_STRICT_PROTOTYPES = YES;
				CLANG_WARN_SUSPICIOUS_MOVE = YES;
				CLANG_WARN_UNGUARDED_AVAILABILITY = YES_AGGRESSIVE;
				CLANG_WARN_UNREACHABLE_CODE = YES;
				CLANG_WARN__DUPLICATE_METHOD_MATCH = YES;
				COPY_PHASE_STRIP = NO;
				DEBUG_INFORMATION_FORMAT = dwarf;
				ENABLE_STRICT_OBJC_MSGSEND = YES;
				ENABLE_TESTABILITY = YES;
				GCC_C_LANGUAGE_STANDARD = gnu11;
				GCC_DYNAMIC_NO_PIC = NO;
				GCC_NO_COMMON_BLOCKS = YES;
				GCC_OPTIMIZATION_LEVEL = 0;
				GCC_PREPROCESSOR_DEFINITIONS = (
					"DEBUG=1",
					"$(inherited)",
				);
				GCC_WARN_64_TO_32_BIT_CONVERSION = YES;
				GCC_WARN_ABOUT_RETURN_TYPE = YES_ERROR;
				GCC_WARN_UNDECLARED_SELECTOR = YES;
				GCC_WARN_UNINITIALIZED_AUTOS = YES_AGGRESSIVE;
				GCC_WARN_UNUSED_FUNCTION = YES;
				GCC_WARN_UNUSED_VARIABLE = YES;
				IPHONEOS_DEPLOYMENT_TARGET = 16.1;
				MTL_ENABLE_DEBUG_INFO = INCLUDE_SOURCE;
				MTL_FAST_MATH = YES;
				ONLY_ACTIVE_ARCH = YES;
				SDKROOT = iphoneos;
				SWIFT_ACTIVE_COMPILATION_CONDITIONS = DEBUG;
				SWIFT_OPTIMIZATION_LEVEL = "-Onone";
			};
			name = Debug;
		};
		543211CC2924706D000907B9 /* Release */ = {
			isa = XCBuildConfiguration;
			buildSettings = {
				ALWAYS_SEARCH_USER_PATHS = NO;
				CLANG_ANALYZER_NONNULL = YES;
				CLANG_ANALYZER_NUMBER_OBJECT_CONVERSION = YES_AGGRESSIVE;
				CLANG_CXX_LANGUAGE_STANDARD = "gnu++20";
				CLANG_ENABLE_MODULES = YES;
				CLANG_ENABLE_OBJC_ARC = YES;
				CLANG_ENABLE_OBJC_WEAK = YES;
				CLANG_WARN_BLOCK_CAPTURE_AUTORELEASING = YES;
				CLANG_WARN_BOOL_CONVERSION = YES;
				CLANG_WARN_COMMA = YES;
				CLANG_WARN_CONSTANT_CONVERSION = YES;
				CLANG_WARN_DEPRECATED_OBJC_IMPLEMENTATIONS = YES;
				CLANG_WARN_DIRECT_OBJC_ISA_USAGE = YES_ERROR;
				CLANG_WARN_DOCUMENTATION_COMMENTS = YES;
				CLANG_WARN_EMPTY_BODY = YES;
				CLANG_WARN_ENUM_CONVERSION = YES;
				CLANG_WARN_INFINITE_RECURSION = YES;
				CLANG_WARN_INT_CONVERSION = YES;
				CLANG_WARN_NON_LITERAL_NULL_CONVERSION = YES;
				CLANG_WARN_OBJC_IMPLICIT_RETAIN_SELF = YES;
				CLANG_WARN_OBJC_LITERAL_CONVERSION = YES;
				CLANG_WARN_OBJC_ROOT_CLASS = YES_ERROR;
				CLANG_WARN_QUOTED_INCLUDE_IN_FRAMEWORK_HEADER = YES;
				CLANG_WARN_RANGE_LOOP_ANALYSIS = YES;
				CLANG_WARN_STRICT_PROTOTYPES = YES;
				CLANG_WARN_SUSPICIOUS_MOVE = YES;
				CLANG_WARN_UNGUARDED_AVAILABILITY = YES_AGGRESSIVE;
				CLANG_WARN_UNREACHABLE_CODE = YES;
				CLANG_WARN__DUPLICATE_METHOD_MATCH = YES;
				COPY_PHASE_STRIP = NO;
				DEBUG_INFORMATION_FORMAT = "dwarf-with-dsym";
				ENABLE_NS_ASSERTIONS = NO;
				ENABLE_STRICT_OBJC_MSGSEND = YES;
				GCC_C_LANGUAGE_STANDARD = gnu11;
				GCC_NO_COMMON_BLOCKS = YES;
				GCC_WARN_64_TO_32_BIT_CONVERSION = YES;
				GCC_WARN_ABOUT_RETURN_TYPE = YES_ERROR;
				GCC_WARN_UNDECLARED_SELECTOR = YES;
				GCC_WARN_UNINITIALIZED_AUTOS = YES_AGGRESSIVE;
				GCC_WARN_UNUSED_FUNCTION = YES;
				GCC_WARN_UNUSED_VARIABLE = YES;
				IPHONEOS_DEPLOYMENT_TARGET = 16.1;
				MTL_ENABLE_DEBUG_INFO = NO;
				MTL_FAST_MATH = YES;
				SDKROOT = iphoneos;
				SWIFT_COMPILATION_MODE = wholemodule;
				SWIFT_OPTIMIZATION_LEVEL = "-O";
				VALIDATE_PRODUCT = YES;
			};
			name = Release;
		};
		543211CE2924706D000907B9 /* Debug */ = {
			isa = XCBuildConfiguration;
			buildSettings = {
				ASSETCATALOG_COMPILER_APPICON_NAME = AppIcon;
				ASSETCATALOG_COMPILER_GLOBAL_ACCENT_COLOR_NAME = AccentColor;
				CODE_SIGN_STYLE = Automatic;
				CURRENT_PROJECT_VERSION = 1;
				DEVELOPMENT_TEAM = 6R5AD28K6Z;
				GENERATE_INFOPLIST_FILE = YES;
				INFOPLIST_FILE = Practice/Info.plist;
				INFOPLIST_KEY_UIApplicationSupportsIndirectInputEvents = YES;
				INFOPLIST_KEY_UILaunchStoryboardName = LaunchScreen;
				INFOPLIST_KEY_UIMainStoryboardFile = Main;
				INFOPLIST_KEY_UISupportedInterfaceOrientations_iPad = "UIInterfaceOrientationPortrait UIInterfaceOrientationPortraitUpsideDown UIInterfaceOrientationLandscapeLeft UIInterfaceOrientationLandscapeRight";
				INFOPLIST_KEY_UISupportedInterfaceOrientations_iPhone = "UIInterfaceOrientationPortrait UIInterfaceOrientationLandscapeLeft UIInterfaceOrientationLandscapeRight";
				LD_RUNPATH_SEARCH_PATHS = (
					"$(inherited)",
					"@executable_path/Frameworks",
				);
				MARKETING_VERSION = 1.0;
				PRODUCT_BUNDLE_IDENTIFIER = FUNDEV.Practice;
				PRODUCT_NAME = "$(TARGET_NAME)";
				SWIFT_EMIT_LOC_STRINGS = YES;
				SWIFT_VERSION = 5.0;
				TARGETED_DEVICE_FAMILY = "1,2";
			};
			name = Debug;
		};
		543211CF2924706D000907B9 /* Release */ = {
			isa = XCBuildConfiguration;
			buildSettings = {
				ASSETCATALOG_COMPILER_APPICON_NAME = AppIcon;
				ASSETCATALOG_COMPILER_GLOBAL_ACCENT_COLOR_NAME = AccentColor;
				CODE_SIGN_STYLE = Automatic;
				CURRENT_PROJECT_VERSION = 1;
				DEVELOPMENT_TEAM = 6R5AD28K6Z;
				GENERATE_INFOPLIST_FILE = YES;
				INFOPLIST_FILE = Practice/Info.plist;
				INFOPLIST_KEY_UIApplicationSupportsIndirectInputEvents = YES;
				INFOPLIST_KEY_UILaunchStoryboardName = LaunchScreen;
				INFOPLIST_KEY_UIMainStoryboardFile = Main;
				INFOPLIST_KEY_UISupportedInterfaceOrientations_iPad = "UIInterfaceOrientationPortrait UIInterfaceOrientationPortraitUpsideDown UIInterfaceOrientationLandscapeLeft UIInterfaceOrientationLandscapeRight";
				INFOPLIST_KEY_UISupportedInterfaceOrientations_iPhone = "UIInterfaceOrientationPortrait UIInterfaceOrientationLandscapeLeft UIInterfaceOrientationLandscapeRight";
				LD_RUNPATH_SEARCH_PATHS = (
					"$(inherited)",
					"@executable_path/Frameworks",
				);
				MARKETING_VERSION = 1.0;
				PRODUCT_BUNDLE_IDENTIFIER = FUNDEV.Practice;
				PRODUCT_NAME = "$(TARGET_NAME)";
				SWIFT_EMIT_LOC_STRINGS = YES;
				SWIFT_VERSION = 5.0;
				TARGETED_DEVICE_FAMILY = "1,2";
			};
			name = Release;
		};
		543211D12924706D000907B9 /* Debug */ = {
			isa = XCBuildConfiguration;
			buildSettings = {
				ALWAYS_EMBED_SWIFT_STANDARD_LIBRARIES = YES;
				BUNDLE_LOADER = "$(TEST_HOST)";
				CODE_SIGN_STYLE = Automatic;
				CURRENT_PROJECT_VERSION = 1;
				DEVELOPMENT_TEAM = 6R5AD28K6Z;
				GENERATE_INFOPLIST_FILE = YES;
				IPHONEOS_DEPLOYMENT_TARGET = 16.1;
				MARKETING_VERSION = 1.0;
				PRODUCT_BUNDLE_IDENTIFIER = FUNDEV.PracticeTests;
				PRODUCT_NAME = "$(TARGET_NAME)";
				SWIFT_EMIT_LOC_STRINGS = NO;
				SWIFT_VERSION = 5.0;
				TARGETED_DEVICE_FAMILY = "1,2";
				TEST_HOST = "$(BUILT_PRODUCTS_DIR)/Practice.app/$(BUNDLE_EXECUTABLE_FOLDER_PATH)/Practice";
			};
			name = Debug;
		};
		543211D22924706D000907B9 /* Release */ = {
			isa = XCBuildConfiguration;
			buildSettings = {
				ALWAYS_EMBED_SWIFT_STANDARD_LIBRARIES = YES;
				BUNDLE_LOADER = "$(TEST_HOST)";
				CODE_SIGN_STYLE = Automatic;
				CURRENT_PROJECT_VERSION = 1;
				DEVELOPMENT_TEAM = 6R5AD28K6Z;
				GENERATE_INFOPLIST_FILE = YES;
				IPHONEOS_DEPLOYMENT_TARGET = 16.1;
				MARKETING_VERSION = 1.0;
				PRODUCT_BUNDLE_IDENTIFIER = FUNDEV.PracticeTests;
				PRODUCT_NAME = "$(TARGET_NAME)";
				SWIFT_EMIT_LOC_STRINGS = NO;
				SWIFT_VERSION = 5.0;
				TARGETED_DEVICE_FAMILY = "1,2";
				TEST_HOST = "$(BUILT_PRODUCTS_DIR)/Practice.app/$(BUNDLE_EXECUTABLE_FOLDER_PATH)/Practice";
			};
			name = Release;
		};
		543211D42924706D000907B9 /* Debug */ = {
			isa = XCBuildConfiguration;
			buildSettings = {
				ALWAYS_EMBED_SWIFT_STANDARD_LIBRARIES = YES;
				CODE_SIGN_STYLE = Automatic;
				CURRENT_PROJECT_VERSION = 1;
				DEVELOPMENT_TEAM = 6R5AD28K6Z;
				GENERATE_INFOPLIST_FILE = YES;
				MARKETING_VERSION = 1.0;
				PRODUCT_BUNDLE_IDENTIFIER = FUNDEV.PracticeUITests;
				PRODUCT_NAME = "$(TARGET_NAME)";
				SWIFT_EMIT_LOC_STRINGS = NO;
				SWIFT_VERSION = 5.0;
				TARGETED_DEVICE_FAMILY = "1,2";
				TEST_TARGET_NAME = Practice;
			};
			name = Debug;
		};
		543211D52924706D000907B9 /* Release */ = {
			isa = XCBuildConfiguration;
			buildSettings = {
				ALWAYS_EMBED_SWIFT_STANDARD_LIBRARIES = YES;
				CODE_SIGN_STYLE = Automatic;
				CURRENT_PROJECT_VERSION = 1;
				DEVELOPMENT_TEAM = 6R5AD28K6Z;
				GENERATE_INFOPLIST_FILE = YES;
				MARKETING_VERSION = 1.0;
				PRODUCT_BUNDLE_IDENTIFIER = FUNDEV.PracticeUITests;
				PRODUCT_NAME = "$(TARGET_NAME)";
				SWIFT_EMIT_LOC_STRINGS = NO;
				SWIFT_VERSION = 5.0;
				TARGETED_DEVICE_FAMILY = "1,2";
				TEST_TARGET_NAME = Practice;
			};
			name = Release;
		};
/* End XCBuildConfiguration section */

/* Begin XCConfigurationList section */
		5432119E2924706A000907B9 /* Build configuration list for PBXProject "Practice" */ = {
			isa = XCConfigurationList;
			buildConfigurations = (
				543211CB2924706D000907B9 /* Debug */,
				543211CC2924706D000907B9 /* Release */,
			);
			defaultConfigurationIsVisible = 0;
			defaultConfigurationName = Release;
		};
		543211CD2924706D000907B9 /* Build configuration list for PBXNativeTarget "Practice" */ = {
			isa = XCConfigurationList;
			buildConfigurations = (
				543211CE2924706D000907B9 /* Debug */,
				543211CF2924706D000907B9 /* Release */,
			);
			defaultConfigurationIsVisible = 0;
			defaultConfigurationName = Release;
		};
		543211D02924706D000907B9 /* Build configuration list for PBXNativeTarget "PracticeTests" */ = {
			isa = XCConfigurationList;
			buildConfigurations = (
				543211D12924706D000907B9 /* Debug */,
				543211D22924706D000907B9 /* Release */,
			);
			defaultConfigurationIsVisible = 0;
			defaultConfigurationName = Release;
		};
		543211D32924706D000907B9 /* Build configuration list for PBXNativeTarget "PracticeUITests" */ = {
			isa = XCConfigurationList;
			buildConfigurations = (
				543211D42924706D000907B9 /* Debug */,
				543211D52924706D000907B9 /* Release */,
			);
			defaultConfigurationIsVisible = 0;
			defaultConfigurationName = Release;
		};
/* End XCConfigurationList section */
	};
	rootObject = 5432119B2924706A000907B9 /* Project object */;
}
